
Microsoft Visual Studio Solution File, Format Version 12.00
# Visual Studio Version 16
VisualStudioVersion = 16.0.30804.86
MinimumVisualStudioVersion = 10.0.40219.1
Project("{9A19103F-16F7-4668-BE54-9A1E7A4F7556}") = "ThAmCo.Accounts", "ThAmCo.Accounts\ThAmCo.Accounts.csproj", "{FA27BFDB-F9A6-494B-B9E7-8F89ED1E4FAD}"
EndProject
Global
	GlobalSection(SolutionConfigurationPlatforms) = preSolution
		Debug|Any CPU = Debug|Any CPU
		Release|Any CPU = Release|Any CPU
	EndGlobalSection
	GlobalSection(ProjectConfigurationPlatforms) = postSolution
		{FA27BFDB-F9A6-494B-B9E7-8F89ED1E4FAD}.Debug|Any CPU.ActiveCfg = Debug|Any CPU
		{FA27BFDB-F9A6-494B-B9E7-8F89ED1E4FAD}.Debug|Any CPU.Build.0 = Debug|Any CPU
		{FA27BFDB-F9A6-494B-B9E7-8F89ED1E4FAD}.Release|Any CPU.ActiveCfg = Release|Any CPU
		{FA27BFDB-F9A6-494B-B9E7-8F89ED1E4FAD}.Release|Any CPU.Build.0 = Release|Any CPU
	EndGlobalSection
	GlobalSection(SolutionProperties) = preSolution
		HideSolutionNode = FALSE
	EndGlobalSection
	GlobalSection(ExtensibilityGlobals) = postSolution
		SolutionGuid = {1B1F2E0D-48F4-4EC3-9332-66F12FEB5EC2}
	EndGlobalSection
EndGlobal
